// !$*UTF8*$!
{
	archiveVersion = 1;
	classes = {
	};
	objectVersion = 56;
	objects = {

/* Begin PBXBuildFile section */
		800D038C2B45C83F002F3611 /* DailyDiet.xcdatamodeld in Sources */ = {isa = PBXBuildFile; fileRef = 800D038A2B45C83F002F3611 /* DailyDiet.xcdatamodeld */; };
		800D038F2B45C8D8002F3611 /* Meal.swift in Sources */ = {isa = PBXBuildFile; fileRef = 800D038E2B45C8D8002F3611 /* Meal.swift */; };
		800D03912B45C8EF002F3611 /* Meals.swift in Sources */ = {isa = PBXBuildFile; fileRef = 800D03902B45C8EE002F3611 /* Meals.swift */; };
		800D03962B45CF6F002F3611 /* CDMeal_helper.swift in Sources */ = {isa = PBXBuildFile; fileRef = 800D03952B45CF6F002F3611 /* CDMeal_helper.swift */; };
		800D03982B45DBF4002F3611 /* CDMeals_helper.swift in Sources */ = {isa = PBXBuildFile; fileRef = 800D03972B45DBF4002F3611 /* CDMeals_helper.swift */; };
		800D039A2B45E1AE002F3611 /* PersistentController.swift in Sources */ = {isa = PBXBuildFile; fileRef = 800D03992B45E1AE002F3611 /* PersistentController.swift */; };
		800D039C2B45E97C002F3611 /* FormatDate.swift in Sources */ = {isa = PBXBuildFile; fileRef = 800D039B2B45E97C002F3611 /* FormatDate.swift */; };
		800D039E2B46521F002F3611 /* NSPredicate_helper.swift in Sources */ = {isa = PBXBuildFile; fileRef = 800D039D2B46521F002F3611 /* NSPredicate_helper.swift */; };
		800D03A02B466623002F3611 /* MealsViewModel.swift in Sources */ = {isa = PBXBuildFile; fileRef = 800D039F2B466623002F3611 /* MealsViewModel.swift */; };
		8013294E2B338A8100538163 /* Daily_DietApp.swift in Sources */ = {isa = PBXBuildFile; fileRef = 8013294D2B338A8100538163 /* Daily_DietApp.swift */; };
		801329502B338A8100538163 /* ContentView.swift in Sources */ = {isa = PBXBuildFile; fileRef = 8013294F2B338A8100538163 /* ContentView.swift */; };
		801329522B338A8400538163 /* Assets.xcassets in Resources */ = {isa = PBXBuildFile; fileRef = 801329512B338A8400538163 /* Assets.xcassets */; };
		801329552B338A8400538163 /* Preview Assets.xcassets in Resources */ = {isa = PBXBuildFile; fileRef = 801329542B338A8400538163 /* Preview Assets.xcassets */; };
		801329612B338CBE00538163 /* nunito-sans-regular.ttf in Resources */ = {isa = PBXBuildFile; fileRef = 801329602B338CBE00538163 /* nunito-sans-regular.ttf */; };
		801329632B338CCD00538163 /* nunito-sans-bold.ttf in Resources */ = {isa = PBXBuildFile; fileRef = 801329622B338CCD00538163 /* nunito-sans-bold.ttf */; };
		805B923B2B3395CA00A588F2 /* DeleteButton.swift in Sources */ = {isa = PBXBuildFile; fileRef = 805B923A2B3395CA00A588F2 /* DeleteButton.swift */; };
		805B923D2B33978400A588F2 /* Select.swift in Sources */ = {isa = PBXBuildFile; fileRef = 805B923C2B33978400A588F2 /* Select.swift */; };
		805B923F2B361E6F00A588F2 /* Input.swift in Sources */ = {isa = PBXBuildFile; fileRef = 805B923E2B361E6F00A588F2 /* Input.swift */; };
		805B92422B361F9900A588F2 /* StatefulPreviewWrapper.swift in Sources */ = {isa = PBXBuildFile; fileRef = 805B92412B361F9900A588F2 /* StatefulPreviewWrapper.swift */; };
		805B92442B373E1500A588F2 /* PercentagePanel.swift in Sources */ = {isa = PBXBuildFile; fileRef = 805B92432B373E1500A588F2 /* PercentagePanel.swift */; };
		805B92482B37446800A588F2 /* DefaultButton.swift in Sources */ = {isa = PBXBuildFile; fileRef = 805B92472B37446800A588F2 /* DefaultButton.swift */; };
		805B924C2B37532800A588F2 /* Stats.swift in Sources */ = {isa = PBXBuildFile; fileRef = 805B924B2B37532800A588F2 /* Stats.swift */; };
		805B92512B3781B300A588F2 /* Status.swift in Sources */ = {isa = PBXBuildFile; fileRef = 805B92502B3781B300A588F2 /* Status.swift */; };
		805B92552B378B4D00A588F2 /* MealItem.swift in Sources */ = {isa = PBXBuildFile; fileRef = 805B92542B378B4D00A588F2 /* MealItem.swift */; };
		805B92572B378F3F00A588F2 /* MealList.swift in Sources */ = {isa = PBXBuildFile; fileRef = 805B92562B378F3F00A588F2 /* MealList.swift */; };
/* End PBXBuildFile section */

/* Begin PBXFileReference section */
		800D038B2B45C83F002F3611 /* DailyDiet.xcdatamodel */ = {isa = PBXFileReference; lastKnownFileType = wrapper.xcdatamodel; path = DailyDiet.xcdatamodel; sourceTree = "<group>"; };
		800D038E2B45C8D8002F3611 /* Meal.swift */ = {isa = PBXFileReference; lastKnownFileType = sourcecode.swift; path = Meal.swift; sourceTree = "<group>"; };
		800D03902B45C8EE002F3611 /* Meals.swift */ = {isa = PBXFileReference; lastKnownFileType = sourcecode.swift; path = Meals.swift; sourceTree = "<group>"; };
		800D03952B45CF6F002F3611 /* CDMeal_helper.swift */ = {isa = PBXFileReference; lastKnownFileType = sourcecode.swift; path = CDMeal_helper.swift; sourceTree = "<group>"; };
		800D03972B45DBF4002F3611 /* CDMeals_helper.swift */ = {isa = PBXFileReference; lastKnownFileType = sourcecode.swift; path = CDMeals_helper.swift; sourceTree = "<group>"; };
		800D03992B45E1AE002F3611 /* PersistentController.swift */ = {isa = PBXFileReference; lastKnownFileType = sourcecode.swift; path = PersistentController.swift; sourceTree = "<group>"; };
		800D039B2B45E97C002F3611 /* FormatDate.swift */ = {isa = PBXFileReference; lastKnownFileType = sourcecode.swift; path = FormatDate.swift; sourceTree = "<group>"; };
		800D039D2B46521F002F3611 /* NSPredicate_helper.swift */ = {isa = PBXFileReference; lastKnownFileType = sourcecode.swift; path = NSPredicate_helper.swift; sourceTree = "<group>"; };
		800D039F2B466623002F3611 /* MealsViewModel.swift */ = {isa = PBXFileReference; lastKnownFileType = sourcecode.swift; path = MealsViewModel.swift; sourceTree = "<group>"; };
		8013294A2B338A8100538163 /* Daily Diet.app */ = {isa = PBXFileReference; explicitFileType = wrapper.application; includeInIndex = 0; path = "Daily Diet.app"; sourceTree = BUILT_PRODUCTS_DIR; };
		8013294D2B338A8100538163 /* Daily_DietApp.swift */ = {isa = PBXFileReference; lastKnownFileType = sourcecode.swift; path = Daily_DietApp.swift; sourceTree = "<group>"; };
		8013294F2B338A8100538163 /* ContentView.swift */ = {isa = PBXFileReference; lastKnownFileType = sourcecode.swift; path = ContentView.swift; sourceTree = "<group>"; };
		801329512B338A8400538163 /* Assets.xcassets */ = {isa = PBXFileReference; lastKnownFileType = folder.assetcatalog; path = Assets.xcassets; sourceTree = "<group>"; };
		801329542B338A8400538163 /* Preview Assets.xcassets */ = {isa = PBXFileReference; lastKnownFileType = folder.assetcatalog; path = "Preview Assets.xcassets"; sourceTree = "<group>"; };
		801329602B338CBE00538163 /* nunito-sans-regular.ttf */ = {isa = PBXFileReference; lastKnownFileType = file; path = "nunito-sans-regular.ttf"; sourceTree = "<group>"; };
		801329622B338CCD00538163 /* nunito-sans-bold.ttf */ = {isa = PBXFileReference; lastKnownFileType = file; path = "nunito-sans-bold.ttf"; sourceTree = "<group>"; };
		805B923A2B3395CA00A588F2 /* DeleteButton.swift */ = {isa = PBXFileReference; lastKnownFileType = sourcecode.swift; path = DeleteButton.swift; sourceTree = "<group>"; };
		805B923C2B33978400A588F2 /* Select.swift */ = {isa = PBXFileReference; lastKnownFileType = sourcecode.swift; path = Select.swift; sourceTree = "<group>"; };
		805B923E2B361E6F00A588F2 /* Input.swift */ = {isa = PBXFileReference; lastKnownFileType = sourcecode.swift; path = Input.swift; sourceTree = "<group>"; };
		805B92412B361F9900A588F2 /* StatefulPreviewWrapper.swift */ = {isa = PBXFileReference; lastKnownFileType = sourcecode.swift; path = StatefulPreviewWrapper.swift; sourceTree = "<group>"; };
		805B92432B373E1500A588F2 /* PercentagePanel.swift */ = {isa = PBXFileReference; lastKnownFileType = sourcecode.swift; path = PercentagePanel.swift; sourceTree = "<group>"; };
		805B92472B37446800A588F2 /* DefaultButton.swift */ = {isa = PBXFileReference; lastKnownFileType = sourcecode.swift; path = DefaultButton.swift; sourceTree = "<group>"; };
		805B924B2B37532800A588F2 /* Stats.swift */ = {isa = PBXFileReference; lastKnownFileType = sourcecode.swift; path = Stats.swift; sourceTree = "<group>"; };
		805B92502B3781B300A588F2 /* Status.swift */ = {isa = PBXFileReference; lastKnownFileType = sourcecode.swift; path = Status.swift; sourceTree = "<group>"; };
		805B92542B378B4D00A588F2 /* MealItem.swift */ = {isa = PBXFileReference; lastKnownFileType = sourcecode.swift; path = MealItem.swift; sourceTree = "<group>"; };
		805B92562B378F3F00A588F2 /* MealList.swift */ = {isa = PBXFileReference; lastKnownFileType = sourcecode.swift; path = MealList.swift; sourceTree = "<group>"; };
/* End PBXFileReference section */

/* Begin PBXFrameworksBuildPhase section */
		801329472B338A8100538163 /* Frameworks */ = {
			isa = PBXFrameworksBuildPhase;
			buildActionMask = 2147483647;
			files = (
			);
			runOnlyForDeploymentPostprocessing = 0;
		};
/* End PBXFrameworksBuildPhase section */

/* Begin PBXGroup section */
		800D03942B45CF5B002F3611 /* Core Data */ = {
			isa = PBXGroup;
			children = (
				800D03952B45CF6F002F3611 /* CDMeal_helper.swift */,
				800D03972B45DBF4002F3611 /* CDMeals_helper.swift */,
				800D03992B45E1AE002F3611 /* PersistentController.swift */,
				800D039D2B46521F002F3611 /* NSPredicate_helper.swift */,
			);
			path = "Core Data";
			sourceTree = "<group>";
		};
		801329412B338A8100538163 = {
			isa = PBXGroup;
			children = (
				8013294C2B338A8100538163 /* Daily Diet */,
				8013294B2B338A8100538163 /* Products */,
			);
			sourceTree = "<group>";
		};
		8013294B2B338A8100538163 /* Products */ = {
			isa = PBXGroup;
			children = (
				8013294A2B338A8100538163 /* Daily Diet.app */,
			);
			name = Products;
			sourceTree = "<group>";
		};
		8013294C2B338A8100538163 /* Daily Diet */ = {
			isa = PBXGroup;
			children = (
				800D03942B45CF5B002F3611 /* Core Data */,
				805B92402B361F8700A588F2 /* Utils */,
				8013295B2B338C4600538163 /* fonts */,
				801329682B33907800538163 /* ViewModel */,
				801329672B33904200538163 /* View */,
				801329662B33903D00538163 /* Model */,
				8013294D2B338A8100538163 /* Daily_DietApp.swift */,
				8013294F2B338A8100538163 /* ContentView.swift */,
				800D038A2B45C83F002F3611 /* DailyDiet.xcdatamodeld */,
				801329512B338A8400538163 /* Assets.xcassets */,
				801329532B338A8400538163 /* Preview Content */,
			);
			path = "Daily Diet";
			sourceTree = "<group>";
		};
		801329532B338A8400538163 /* Preview Content */ = {
			isa = PBXGroup;
			children = (
				801329542B338A8400538163 /* Preview Assets.xcassets */,
			);
			path = "Preview Content";
			sourceTree = "<group>";
		};
		8013295B2B338C4600538163 /* fonts */ = {
			isa = PBXGroup;
			children = (
				801329622B338CCD00538163 /* nunito-sans-bold.ttf */,
				801329602B338CBE00538163 /* nunito-sans-regular.ttf */,
			);
			path = fonts;
			sourceTree = "<group>";
		};
		801329662B33903D00538163 /* Model */ = {
			isa = PBXGroup;
			children = (
				805B924B2B37532800A588F2 /* Stats.swift */,
				800D038E2B45C8D8002F3611 /* Meal.swift */,
				800D03902B45C8EE002F3611 /* Meals.swift */,
			);
			path = Model;
			sourceTree = "<group>";
		};
		801329672B33904200538163 /* View */ = {
			isa = PBXGroup;
			children = (
				805B924F2B3781A400A588F2 /* Pages */,
				801329692B33908E00538163 /* Components */,
			);
			path = View;
			sourceTree = "<group>";
		};
		801329682B33907800538163 /* ViewModel */ = {
			isa = PBXGroup;
			children = (
				800D039F2B466623002F3611 /* MealsViewModel.swift */,
			);
			path = ViewModel;
			sourceTree = "<group>";
		};
		801329692B33908E00538163 /* Components */ = {
			isa = PBXGroup;
			children = (
				805B923A2B3395CA00A588F2 /* DeleteButton.swift */,
				805B923C2B33978400A588F2 /* Select.swift */,
				805B923E2B361E6F00A588F2 /* Input.swift */,
				805B92432B373E1500A588F2 /* PercentagePanel.swift */,
				805B92472B37446800A588F2 /* DefaultButton.swift */,
				805B92542B378B4D00A588F2 /* MealItem.swift */,
				805B92562B378F3F00A588F2 /* MealList.swift */,
			);
			path = Components;
			sourceTree = "<group>";
		};
		805B92402B361F8700A588F2 /* Utils */ = {
			isa = PBXGroup;
			children = (
				805B92412B361F9900A588F2 /* StatefulPreviewWrapper.swift */,
				800D039B2B45E97C002F3611 /* FormatDate.swift */,
			);
			path = Utils;
			sourceTree = "<group>";
		};
		805B924F2B3781A400A588F2 /* Pages */ = {
			isa = PBXGroup;
			children = (
				805B92502B3781B300A588F2 /* Status.swift */,
			);
			path = Pages;
			sourceTree = "<group>";
		};
/* End PBXGroup section */

/* Begin PBXNativeTarget section */
		801329492B338A8100538163 /* Daily Diet */ = {
			isa = PBXNativeTarget;
			buildConfigurationList = 801329582B338A8400538163 /* Build configuration list for PBXNativeTarget "Daily Diet" */;
			buildPhases = (
				801329462B338A8100538163 /* Sources */,
				801329472B338A8100538163 /* Frameworks */,
				801329482B338A8100538163 /* Resources */,
			);
			buildRules = (
			);
			dependencies = (
			);
			name = "Daily Diet";
			productName = "Daily Diet";
			productReference = 8013294A2B338A8100538163 /* Daily Diet.app */;
			productType = "com.apple.product-type.application";
		};
/* End PBXNativeTarget section */

/* Begin PBXProject section */
		801329422B338A8100538163 /* Project object */ = {
			isa = PBXProject;
			attributes = {
				BuildIndependentTargetsInParallel = 1;
				LastSwiftUpdateCheck = 1510;
				LastUpgradeCheck = 1510;
				TargetAttributes = {
					801329492B338A8100538163 = {
						CreatedOnToolsVersion = 15.1;
					};
				};
			};
			buildConfigurationList = 801329452B338A8100538163 /* Build configuration list for PBXProject "Daily Diet" */;
			compatibilityVersion = "Xcode 14.0";
			developmentRegion = en;
			hasScannedForEncodings = 0;
			knownRegions = (
				en,
				Base,
			);
			mainGroup = 801329412B338A8100538163;
			productRefGroup = 8013294B2B338A8100538163 /* Products */;
			projectDirPath = "";
			projectRoot = "";
			targets = (
				801329492B338A8100538163 /* Daily Diet */,
			);
		};
/* End PBXProject section */

/* Begin PBXResourcesBuildPhase section */
		801329482B338A8100538163 /* Resources */ = {
			isa = PBXResourcesBuildPhase;
			buildActionMask = 2147483647;
			files = (
				801329552B338A8400538163 /* Preview Assets.xcassets in Resources */,
				801329632B338CCD00538163 /* nunito-sans-bold.ttf in Resources */,
				801329522B338A8400538163 /* Assets.xcassets in Resources */,
				801329612B338CBE00538163 /* nunito-sans-regular.ttf in Resources */,
			);
			runOnlyForDeploymentPostprocessing = 0;
		};
/* End PBXResourcesBuildPhase section */

/* Begin PBXSourcesBuildPhase section */
		801329462B338A8100538163 /* Sources */ = {
			isa = PBXSourcesBuildPhase;
			buildActionMask = 2147483647;
			files = (
				800D03962B45CF6F002F3611 /* CDMeal_helper.swift in Sources */,
				800D03982B45DBF4002F3611 /* CDMeals_helper.swift in Sources */,
				805B923F2B361E6F00A588F2 /* Input.swift in Sources */,
				805B924C2B37532800A588F2 /* Stats.swift in Sources */,
				800D038F2B45C8D8002F3611 /* Meal.swift in Sources */,
				805B92572B378F3F00A588F2 /* MealList.swift in Sources */,
				805B923B2B3395CA00A588F2 /* DeleteButton.swift in Sources */,
				801329502B338A8100538163 /* ContentView.swift in Sources */,
				805B92482B37446800A588F2 /* DefaultButton.swift in Sources */,
				800D039A2B45E1AE002F3611 /* PersistentController.swift in Sources */,
				800D039C2B45E97C002F3611 /* FormatDate.swift in Sources */,
				8013294E2B338A8100538163 /* Daily_DietApp.swift in Sources */,
				805B923D2B33978400A588F2 /* Select.swift in Sources */,
				800D03912B45C8EF002F3611 /* Meals.swift in Sources */,
				805B92442B373E1500A588F2 /* PercentagePanel.swift in Sources */,
				805B92552B378B4D00A588F2 /* MealItem.swift in Sources */,
				800D039E2B46521F002F3611 /* NSPredicate_helper.swift in Sources */,
				805B92422B361F9900A588F2 /* StatefulPreviewWrapper.swift in Sources */,
				805B92512B3781B300A588F2 /* Status.swift in Sources */,
				800D038C2B45C83F002F3611 /* DailyDiet.xcdatamodeld in Sources */,
				800D03A02B466623002F3611 /* MealsViewModel.swift in Sources */,
			);
			runOnlyForDeploymentPostprocessing = 0;
		};
/* End PBXSourcesBuildPhase section */

/* Begin XCBuildConfiguration section */
		801329562B338A8400538163 /* Debug */ = {
			isa = XCBuildConfiguration;
			buildSettings = {
				ALWAYS_SEARCH_USER_PATHS = NO;
				ASSETCATALOG_COMPILER_GENERATE_SWIFT_ASSET_SYMBOL_EXTENSIONS = YES;
				CLANG_ANALYZER_NONNULL = YES;
				CLANG_ANALYZER_NUMBER_OBJECT_CONVERSION = YES_AGGRESSIVE;
				CLANG_CXX_LANGUAGE_STANDARD = "gnu++20";
				CLANG_ENABLE_MODULES = YES;
				CLANG_ENABLE_OBJC_ARC = YES;
				CLANG_ENABLE_OBJC_WEAK = YES;
				CLANG_WARN_BLOCK_CAPTURE_AUTORELEASING = YES;
				CLANG_WARN_BOOL_CONVERSION = YES;
				CLANG_WARN_COMMA = YES;
				CLANG_WARN_CONSTANT_CONVERSION = YES;
				CLANG_WARN_DEPRECATED_OBJC_IMPLEMENTATIONS = YES;
				CLANG_WARN_DIRECT_OBJC_ISA_USAGE = YES_ERROR;
				CLANG_WARN_DOCUMENTATION_COMMENTS = YES;
				CLANG_WARN_EMPTY_BODY = YES;
				CLANG_WARN_ENUM_CONVERSION = YES;
				CLANG_WARN_INFINITE_RECURSION = YES;
				CLANG_WARN_INT_CONVERSION = YES;
				CLANG_WARN_NON_LITERAL_NULL_CONVERSION = YES;
				CLANG_WARN_OBJC_IMPLICIT_RETAIN_SELF = YES;
				CLANG_WARN_OBJC_LITERAL_CONVERSION = YES;
				CLANG_WARN_OBJC_ROOT_CLASS = YES_ERROR;
				CLANG_WARN_QUOTED_INCLUDE_IN_FRAMEWORK_HEADER = YES;
				CLANG_WARN_RANGE_LOOP_ANALYSIS = YES;
				CLANG_WARN_STRICT_PROTOTYPES = YES;
				CLANG_WARN_SUSPICIOUS_MOVE = YES;
				CLANG_WARN_UNGUARDED_AVAILABILITY = YES_AGGRESSIVE;
				CLANG_WARN_UNREACHABLE_CODE = YES;
				CLANG_WARN__DUPLICATE_METHOD_MATCH = YES;
				COPY_PHASE_STRIP = NO;
				DEBUG_INFORMATION_FORMAT = dwarf;
				ENABLE_STRICT_OBJC_MSGSEND = YES;
				ENABLE_TESTABILITY = YES;
				ENABLE_USER_SCRIPT_SANDBOXING = YES;
				GCC_C_LANGUAGE_STANDARD = gnu17;
				GCC_DYNAMIC_NO_PIC = NO;
				GCC_NO_COMMON_BLOCKS = YES;
				GCC_OPTIMIZATION_LEVEL = 0;
				GCC_PREPROCESSOR_DEFINITIONS = (
					"DEBUG=1",
					"$(inherited)",
				);
				GCC_WARN_64_TO_32_BIT_CONVERSION = YES;
				GCC_WARN_ABOUT_RETURN_TYPE = YES_ERROR;
				GCC_WARN_UNDECLARED_SELECTOR = YES;
				GCC_WARN_UNINITIALIZED_AUTOS = YES_AGGRESSIVE;
				GCC_WARN_UNUSED_FUNCTION = YES;
				GCC_WARN_UNUSED_VARIABLE = YES;
				IPHONEOS_DEPLOYMENT_TARGET = 17.2;
				LOCALIZATION_PREFERS_STRING_CATALOGS = YES;
				MTL_ENABLE_DEBUG_INFO = INCLUDE_SOURCE;
				MTL_FAST_MATH = YES;
				ONLY_ACTIVE_ARCH = YES;
				SDKROOT = iphoneos;
				SWIFT_ACTIVE_COMPILATION_CONDITIONS = "DEBUG $(inherited)";
				SWIFT_OPTIMIZATION_LEVEL = "-Onone";
			};
			name = Debug;
		};
		801329572B338A8400538163 /* Release */ = {
			isa = XCBuildConfiguration;
			buildSettings = {
				ALWAYS_SEARCH_USER_PATHS = NO;
				ASSETCATALOG_COMPILER_GENERATE_SWIFT_ASSET_SYMBOL_EXTENSIONS = YES;
				CLANG_ANALYZER_NONNULL = YES;
				CLANG_ANALYZER_NUMBER_OBJECT_CONVERSION = YES_AGGRESSIVE;
				CLANG_CXX_LANGUAGE_STANDARD = "gnu++20";
				CLANG_ENABLE_MODULES = YES;
				CLANG_ENABLE_OBJC_ARC = YES;
				CLANG_ENABLE_OBJC_WEAK = YES;
				CLANG_WARN_BLOCK_CAPTURE_AUTORELEASING = YES;
				CLANG_WARN_BOOL_CONVERSION = YES;
				CLANG_WARN_COMMA = YES;
				CLANG_WARN_CONSTANT_CONVERSION = YES;
				CLANG_WARN_DEPRECATED_OBJC_IMPLEMENTATIONS = YES;
				CLANG_WARN_DIRECT_OBJC_ISA_USAGE = YES_ERROR;
				CLANG_WARN_DOCUMENTATION_COMMENTS = YES;
				CLANG_WARN_EMPTY_BODY = YES;
				CLANG_WARN_ENUM_CONVERSION = YES;
				CLANG_WARN_INFINITE_RECURSION = YES;
				CLANG_WARN_INT_CONVERSION = YES;
				CLANG_WARN_NON_LITERAL_NULL_CONVERSION = YES;
				CLANG_WARN_OBJC_IMPLICIT_RETAIN_SELF = YES;
				CLANG_WARN_OBJC_LITERAL_CONVERSION = YES;
				CLANG_WARN_OBJC_ROOT_CLASS = YES_ERROR;
				CLANG_WARN_QUOTED_INCLUDE_IN_FRAMEWORK_HEADER = YES;
				CLANG_WARN_RANGE_LOOP_ANALYSIS = YES;
				CLANG_WARN_STRICT_PROTOTYPES = YES;
				CLANG_WARN_SUSPICIOUS_MOVE = YES;
				CLANG_WARN_UNGUARDED_AVAILABILITY = YES_AGGRESSIVE;
				CLANG_WARN_UNREACHABLE_CODE = YES;
				CLANG_WARN__DUPLICATE_METHOD_MATCH = YES;
				COPY_PHASE_STRIP = NO;
				DEBUG_INFORMATION_FORMAT = "dwarf-with-dsym";
				ENABLE_NS_ASSERTIONS = NO;
				ENABLE_STRICT_OBJC_MSGSEND = YES;
				ENABLE_USER_SCRIPT_SANDBOXING = YES;
				GCC_C_LANGUAGE_STANDARD = gnu17;
				GCC_NO_COMMON_BLOCKS = YES;
				GCC_WARN_64_TO_32_BIT_CONVERSION = YES;
				GCC_WARN_ABOUT_RETURN_TYPE = YES_ERROR;
				GCC_WARN_UNDECLARED_SELECTOR = YES;
				GCC_WARN_UNINITIALIZED_AUTOS = YES_AGGRESSIVE;
				GCC_WARN_UNUSED_FUNCTION = YES;
				GCC_WARN_UNUSED_VARIABLE = YES;
				IPHONEOS_DEPLOYMENT_TARGET = 17.2;
				LOCALIZATION_PREFERS_STRING_CATALOGS = YES;
				MTL_ENABLE_DEBUG_INFO = NO;
				MTL_FAST_MATH = YES;
				SDKROOT = iphoneos;
				SWIFT_COMPILATION_MODE = wholemodule;
				VALIDATE_PRODUCT = YES;
			};
			name = Release;
		};
		801329592B338A8400538163 /* Debug */ = {
			isa = XCBuildConfiguration;
			buildSettings = {
				ASSETCATALOG_COMPILER_APPICON_NAME = AppIcon;
				ASSETCATALOG_COMPILER_GLOBAL_ACCENT_COLOR_NAME = AccentColor;
				CODE_SIGN_STYLE = Automatic;
				CURRENT_PROJECT_VERSION = 1;
				DEVELOPMENT_ASSET_PATHS = "\"Daily Diet/Preview Content\"";
				DEVELOPMENT_TEAM = SL8JP2UC8W;
				ENABLE_PREVIEWS = YES;
				GENERATE_INFOPLIST_FILE = YES;
				INFOPLIST_FILE = "Daily-Diet-Info.plist";
				INFOPLIST_KEY_UIApplicationSceneManifest_Generation = YES;
				INFOPLIST_KEY_UIApplicationSupportsIndirectInputEvents = YES;
				INFOPLIST_KEY_UILaunchScreen_Generation = YES;
				INFOPLIST_KEY_UISupportedInterfaceOrientations_iPad = "UIInterfaceOrientationPortrait UIInterfaceOrientationPortraitUpsideDown UIInterfaceOrientationLandscapeLeft UIInterfaceOrientationLandscapeRight";
				INFOPLIST_KEY_UISupportedInterfaceOrientations_iPhone = "UIInterfaceOrientationPortrait UIInterfaceOrientationLandscapeLeft UIInterfaceOrientationLandscapeRight";
				LD_RUNPATH_SEARCH_PATHS = (
					"$(inherited)",
					"@executable_path/Frameworks",
				);
				MARKETING_VERSION = 1.0;
				PRODUCT_BUNDLE_IDENTIFIER = "com.cardoso.Daily-Diet";
				PRODUCT_NAME = "$(TARGET_NAME)";
				SWIFT_EMIT_LOC_STRINGS = YES;
				SWIFT_VERSION = 5.0;
				TARGETED_DEVICE_FAMILY = "1,2";
			};
			name = Debug;
		};
		8013295A2B338A8400538163 /* Release */ = {
			isa = XCBuildConfiguration;
			buildSettings = {
				ASSETCATALOG_COMPILER_APPICON_NAME = AppIcon;
				ASSETCATALOG_COMPILER_GLOBAL_ACCENT_COLOR_NAME = AccentColor;
				CODE_SIGN_STYLE = Automatic;
				CURRENT_PROJECT_VERSION = 1;
				DEVELOPMENT_ASSET_PATHS = "\"Daily Diet/Preview Content\"";
				DEVELOPMENT_TEAM = SL8JP2UC8W;
				ENABLE_PREVIEWS = YES;
				GENERATE_INFOPLIST_FILE = YES;
				INFOPLIST_FILE = "Daily-Diet-Info.plist";
				INFOPLIST_KEY_UIApplicationSceneManifest_Generation = YES;
				INFOPLIST_KEY_UIApplicationSupportsIndirectInputEvents = YES;
				INFOPLIST_KEY_UILaunchScreen_Generation = YES;
				INFOPLIST_KEY_UISupportedInterfaceOrientations_iPad = "UIInterfaceOrientationPortrait UIInterfaceOrientationPortraitUpsideDown UIInterfaceOrientationLandscapeLeft UIInterfaceOrientationLandscapeRight";
				INFOPLIST_KEY_UISupportedInterfaceOrientations_iPhone = "UIInterfaceOrientationPortrait UIInterfaceOrientationLandscapeLeft UIInterfaceOrientationLandscapeRight";
				LD_RUNPATH_SEARCH_PATHS = (
					"$(inherited)",
					"@executable_path/Frameworks",
				);
				MARKETING_VERSION = 1.0;
				PRODUCT_BUNDLE_IDENTIFIER = "com.cardoso.Daily-Diet";
				PRODUCT_NAME = "$(TARGET_NAME)";
				SWIFT_EMIT_LOC_STRINGS = YES;
				SWIFT_VERSION = 5.0;
				TARGETED_DEVICE_FAMILY = "1,2";
			};
			name = Release;
		};
/* End XCBuildConfiguration section */

/* Begin XCConfigurationList section */
		801329452B338A8100538163 /* Build configuration list for PBXProject "Daily Diet" */ = {
			isa = XCConfigurationList;
			buildConfigurations = (
				801329562B338A8400538163 /* Debug */,
				801329572B338A8400538163 /* Release */,
			);
			defaultConfigurationIsVisible = 0;
			defaultConfigurationName = Release;
		};
		801329582B338A8400538163 /* Build configuration list for PBXNativeTarget "Daily Diet" */ = {
			isa = XCConfigurationList;
			buildConfigurations = (
				801329592B338A8400538163 /* Debug */,
				8013295A2B338A8400538163 /* Release */,
			);
			defaultConfigurationIsVisible = 0;
			defaultConfigurationName = Release;
		};
/* End XCConfigurationList section */

/* Begin XCVersionGroup section */
		800D038A2B45C83F002F3611 /* DailyDiet.xcdatamodeld */ = {
			isa = XCVersionGroup;
			children = (
				800D038B2B45C83F002F3611 /* DailyDiet.xcdatamodel */,
			);
			currentVersion = 800D038B2B45C83F002F3611 /* DailyDiet.xcdatamodel */;
			path = DailyDiet.xcdatamodeld;
			sourceTree = "<group>";
			versionGroupType = wrapper.xcdatamodel;
		};
/* End XCVersionGroup section */
	};
	rootObject = 801329422B338A8100538163 /* Project object */;
}
